// !$*UTF8*$!
{
	archiveVersion = 1;
	classes = {
	};
	objectVersion = 50;
	objects = {

/* Begin PBXBuildFile section */
		60FB81AF253FB0A70048AFAA /* AppDelegate.swift in Sources */ = {isa = PBXBuildFile; fileRef = 60FB81AE253FB0A70048AFAA /* AppDelegate.swift */; };
		60FB81B1253FB0A70048AFAA /* SceneDelegate.swift in Sources */ = {isa = PBXBuildFile; fileRef = 60FB81B0253FB0A70048AFAA /* SceneDelegate.swift */; };
		60FB81B3253FB0A70048AFAA /* ViewController.swift in Sources */ = {isa = PBXBuildFile; fileRef = 60FB81B2253FB0A70048AFAA /* ViewController.swift */; };
		60FB81B6253FB0A70048AFAA /* Main.storyboard in Resources */ = {isa = PBXBuildFile; fileRef = 60FB81B4253FB0A70048AFAA /* Main.storyboard */; };
		60FB81B8253FB0A80048AFAA /* Assets.xcassets in Resources */ = {isa = PBXBuildFile; fileRef = 60FB81B7253FB0A80048AFAA /* Assets.xcassets */; };
		60FB81BB253FB0A80048AFAA /* LaunchScreen.storyboard in Resources */ = {isa = PBXBuildFile; fileRef = 60FB81B9253FB0A80048AFAA /* LaunchScreen.storyboard */; };
		60FB81C6253FB0A80048AFAA /* EssentialFeedTests.swift in Sources */ = {isa = PBXBuildFile; fileRef = 60FB81C5253FB0A80048AFAA /* EssentialFeedTests.swift */; };
		60FB81D1253FB0A80048AFAA /* EssentialFeedUITests.swift in Sources */ = {isa = PBXBuildFile; fileRef = 60FB81D0253FB0A80048AFAA /* EssentialFeedUITests.swift */; };
/* End PBXBuildFile section */

/* Begin PBXContainerItemProxy section */
		60FB81C2253FB0A80048AFAA /* PBXContainerItemProxy */ = {
			isa = PBXContainerItemProxy;
			containerPortal = 60FB81A3253FB0A70048AFAA /* Project object */;
			proxyType = 1;
			remoteGlobalIDString = 60FB81AA253FB0A70048AFAA;
			remoteInfo = EssentialFeed;
		};
		60FB81CD253FB0A80048AFAA /* PBXContainerItemProxy */ = {
			isa = PBXContainerItemProxy;
			containerPortal = 60FB81A3253FB0A70048AFAA /* Project object */;
			proxyType = 1;
			remoteGlobalIDString = 60FB81AA253FB0A70048AFAA;
			remoteInfo = EssentialFeed;
		};
/* End PBXContainerItemProxy section */

/* Begin PBXFileReference section */
		60FB81AB253FB0A70048AFAA /* EssentialFeed.app */ = {isa = PBXFileReference; explicitFileType = wrapper.application; includeInIndex = 0; path = EssentialFeed.app; sourceTree = BUILT_PRODUCTS_DIR; };
		60FB81AE253FB0A70048AFAA /* AppDelegate.swift */ = {isa = PBXFileReference; lastKnownFileType = sourcecode.swift; path = AppDelegate.swift; sourceTree = "<group>"; };
		60FB81B0253FB0A70048AFAA /* SceneDelegate.swift */ = {isa = PBXFileReference; lastKnownFileType = sourcecode.swift; path = SceneDelegate.swift; sourceTree = "<group>"; };
		60FB81B2253FB0A70048AFAA /* ViewController.swift */ = {isa = PBXFileReference; lastKnownFileType = sourcecode.swift; path = ViewController.swift; sourceTree = "<group>"; };
		60FB81B5253FB0A70048AFAA /* Base */ = {isa = PBXFileReference; lastKnownFileType = file.storyboard; name = Base; path = Base.lproj/Main.storyboard; sourceTree = "<group>"; };
		60FB81B7253FB0A80048AFAA /* Assets.xcassets */ = {isa = PBXFileReference; lastKnownFileType = folder.assetcatalog; path = Assets.xcassets; sourceTree = "<group>"; };
		60FB81BA253FB0A80048AFAA /* Base */ = {isa = PBXFileReference; lastKnownFileType = file.storyboard; name = Base; path = Base.lproj/LaunchScreen.storyboard; sourceTree = "<group>"; };
		60FB81BC253FB0A80048AFAA /* Info.plist */ = {isa = PBXFileReference; lastKnownFileType = text.plist.xml; path = Info.plist; sourceTree = "<group>"; };
		60FB81C1253FB0A80048AFAA /* EssentialFeedTests.xctest */ = {isa = PBXFileReference; explicitFileType = wrapper.cfbundle; includeInIndex = 0; path = EssentialFeedTests.xctest; sourceTree = BUILT_PRODUCTS_DIR; };
		60FB81C5253FB0A80048AFAA /* EssentialFeedTests.swift */ = {isa = PBXFileReference; lastKnownFileType = sourcecode.swift; path = EssentialFeedTests.swift; sourceTree = "<group>"; };
		60FB81C7253FB0A80048AFAA /* Info.plist */ = {isa = PBXFileReference; lastKnownFileType = text.plist.xml; path = Info.plist; sourceTree = "<group>"; };
		60FB81CC253FB0A80048AFAA /* EssentialFeedUITests.xctest */ = {isa = PBXFileReference; explicitFileType = wrapper.cfbundle; includeInIndex = 0; path = EssentialFeedUITests.xctest; sourceTree = BUILT_PRODUCTS_DIR; };
		60FB81D0253FB0A80048AFAA /* EssentialFeedUITests.swift */ = {isa = PBXFileReference; lastKnownFileType = sourcecode.swift; path = EssentialFeedUITests.swift; sourceTree = "<group>"; };
		60FB81D2253FB0A80048AFAA /* Info.plist */ = {isa = PBXFileReference; lastKnownFileType = text.plist.xml; path = Info.plist; sourceTree = "<group>"; };
/* End PBXFileReference section */

/* Begin PBXFrameworksBuildPhase section */
		60FB81A8253FB0A70048AFAA /* Frameworks */ = {
			isa = PBXFrameworksBuildPhase;
			buildActionMask = 2147483647;
			files = (
			);
			runOnlyForDeploymentPostprocessing = 0;
		};
		60FB81BE253FB0A80048AFAA /* Frameworks */ = {
			isa = PBXFrameworksBuildPhase;
			buildActionMask = 2147483647;
			files = (
			);
			runOnlyForDeploymentPostprocessing = 0;
		};
		60FB81C9253FB0A80048AFAA /* Frameworks */ = {
			isa = PBXFrameworksBuildPhase;
			buildActionMask = 2147483647;
			files = (
			);
			runOnlyForDeploymentPostprocessing = 0;
		};
/* End PBXFrameworksBuildPhase section */

/* Begin PBXGroup section */
		60FB81A2253FB0A70048AFAA = {
			isa = PBXGroup;
			children = (
				60FB81AD253FB0A70048AFAA /* EssentialFeed */,
				60FB81C4253FB0A80048AFAA /* EssentialFeedTests */,
				60FB81CF253FB0A80048AFAA /* EssentialFeedUITests */,
				60FB81AC253FB0A70048AFAA /* Products */,
			);
			sourceTree = "<group>";
		};
		60FB81AC253FB0A70048AFAA /* Products */ = {
			isa = PBXGroup;
			children = (
				60FB81AB253FB0A70048AFAA /* EssentialFeed.app */,
				60FB81C1253FB0A80048AFAA /* EssentialFeedTests.xctest */,
				60FB81CC253FB0A80048AFAA /* EssentialFeedUITests.xctest */,
			);
			name = Products;
			sourceTree = "<group>";
		};
		60FB81AD253FB0A70048AFAA /* EssentialFeed */ = {
			isa = PBXGroup;
			children = (
				60FB81AE253FB0A70048AFAA /* AppDelegate.swift */,
				60FB81B0253FB0A70048AFAA /* SceneDelegate.swift */,
				60FB81B2253FB0A70048AFAA /* ViewController.swift */,
				60FB81B4253FB0A70048AFAA /* Main.storyboard */,
				60FB81B7253FB0A80048AFAA /* Assets.xcassets */,
				60FB81B9253FB0A80048AFAA /* LaunchScreen.storyboard */,
				60FB81BC253FB0A80048AFAA /* Info.plist */,
			);
			path = EssentialFeed;
			sourceTree = "<group>";
		};
		60FB81C4253FB0A80048AFAA /* EssentialFeedTests */ = {
			isa = PBXGroup;
			children = (
				60FB81C5253FB0A80048AFAA /* EssentialFeedTests.swift */,
				60FB81C7253FB0A80048AFAA /* Info.plist */,
			);
			path = EssentialFeedTests;
			sourceTree = "<group>";
		};
		60FB81CF253FB0A80048AFAA /* EssentialFeedUITests */ = {
			isa = PBXGroup;
			children = (
				60FB81D0253FB0A80048AFAA /* EssentialFeedUITests.swift */,
				60FB81D2253FB0A80048AFAA /* Info.plist */,
			);
			path = EssentialFeedUITests;
			sourceTree = "<group>";
		};
/* End PBXGroup section */

/* Begin PBXNativeTarget section */
		60FB81AA253FB0A70048AFAA /* EssentialFeed */ = {
			isa = PBXNativeTarget;
			buildConfigurationList = 60FB81D5253FB0A90048AFAA /* Build configuration list for PBXNativeTarget "EssentialFeed" */;
			buildPhases = (
				60FB81A7253FB0A70048AFAA /* Sources */,
				60FB81A8253FB0A70048AFAA /* Frameworks */,
				60FB81A9253FB0A70048AFAA /* Resources */,
			);
			buildRules = (
			);
			dependencies = (
			);
			name = EssentialFeed;
			productName = EssentialFeed;
			productReference = 60FB81AB253FB0A70048AFAA /* EssentialFeed.app */;
			productType = "com.apple.product-type.application";
		};
		60FB81C0253FB0A80048AFAA /* EssentialFeedTests */ = {
			isa = PBXNativeTarget;
			buildConfigurationList = 60FB81D8253FB0A90048AFAA /* Build configuration list for PBXNativeTarget "EssentialFeedTests" */;
			buildPhases = (
				60FB81BD253FB0A80048AFAA /* Sources */,
				60FB81BE253FB0A80048AFAA /* Frameworks */,
				60FB81BF253FB0A80048AFAA /* Resources */,
			);
			buildRules = (
			);
			dependencies = (
				60FB81C3253FB0A80048AFAA /* PBXTargetDependency */,
			);
			name = EssentialFeedTests;
			productName = EssentialFeedTests;
			productReference = 60FB81C1253FB0A80048AFAA /* EssentialFeedTests.xctest */;
			productType = "com.apple.product-type.bundle.unit-test";
		};
		60FB81CB253FB0A80048AFAA /* EssentialFeedUITests */ = {
			isa = PBXNativeTarget;
			buildConfigurationList = 60FB81DB253FB0A90048AFAA /* Build configuration list for PBXNativeTarget "EssentialFeedUITests" */;
			buildPhases = (
				60FB81C8253FB0A80048AFAA /* Sources */,
				60FB81C9253FB0A80048AFAA /* Frameworks */,
				60FB81CA253FB0A80048AFAA /* Resources */,
			);
			buildRules = (
			);
			dependencies = (
				60FB81CE253FB0A80048AFAA /* PBXTargetDependency */,
			);
			name = EssentialFeedUITests;
			productName = EssentialFeedUITests;
			productReference = 60FB81CC253FB0A80048AFAA /* EssentialFeedUITests.xctest */;
			productType = "com.apple.product-type.bundle.ui-testing";
		};
/* End PBXNativeTarget section */

/* Begin PBXProject section */
		60FB81A3253FB0A70048AFAA /* Project object */ = {
			isa = PBXProject;
			attributes = {
				LastSwiftUpdateCheck = 1220;
				LastUpgradeCheck = 1220;
				TargetAttributes = {
					60FB81AA253FB0A70048AFAA = {
						CreatedOnToolsVersion = 12.2;
					};
					60FB81C0253FB0A80048AFAA = {
						CreatedOnToolsVersion = 12.2;
						TestTargetID = 60FB81AA253FB0A70048AFAA;
					};
					60FB81CB253FB0A80048AFAA = {
						CreatedOnToolsVersion = 12.2;
						TestTargetID = 60FB81AA253FB0A70048AFAA;
					};
				};
			};
			buildConfigurationList = 60FB81A6253FB0A70048AFAA /* Build configuration list for PBXProject "EssentialFeed" */;
			compatibilityVersion = "Xcode 9.3";
			developmentRegion = en;
			hasScannedForEncodings = 0;
			knownRegions = (
				en,
				Base,
			);
			mainGroup = 60FB81A2253FB0A70048AFAA;
			productRefGroup = 60FB81AC253FB0A70048AFAA /* Products */;
			projectDirPath = "";
			projectRoot = "";
			targets = (
				60FB81AA253FB0A70048AFAA /* EssentialFeed */,
				60FB81C0253FB0A80048AFAA /* EssentialFeedTests */,
				60FB81CB253FB0A80048AFAA /* EssentialFeedUITests */,
			);
		};
/* End PBXProject section */

/* Begin PBXResourcesBuildPhase section */
		60FB81A9253FB0A70048AFAA /* Resources */ = {
			isa = PBXResourcesBuildPhase;
			buildActionMask = 2147483647;
			files = (
				60FB81BB253FB0A80048AFAA /* LaunchScreen.storyboard in Resources */,
				60FB81B8253FB0A80048AFAA /* Assets.xcassets in Resources */,
				60FB81B6253FB0A70048AFAA /* Main.storyboard in Resources */,
			);
			runOnlyForDeploymentPostprocessing = 0;
		};
		60FB81BF253FB0A80048AFAA /* Resources */ = {
			isa = PBXResourcesBuildPhase;
			buildActionMask = 2147483647;
			files = (
			);
			runOnlyForDeploymentPostprocessing = 0;
		};
		60FB81CA253FB0A80048AFAA /* Resources */ = {
			isa = PBXResourcesBuildPhase;
			buildActionMask = 2147483647;
			files = (
			);
			runOnlyForDeploymentPostprocessing = 0;
		};
/* End PBXResourcesBuildPhase section */

/* Begin PBXSourcesBuildPhase section */
		60FB81A7253FB0A70048AFAA /* Sources */ = {
			isa = PBXSourcesBuildPhase;
			buildActionMask = 2147483647;
			files = (
				60FB81B3253FB0A70048AFAA /* ViewController.swift in Sources */,
				60FB81AF253FB0A70048AFAA /* AppDelegate.swift in Sources */,
				60FB81B1253FB0A70048AFAA /* SceneDelegate.swift in Sources */,
			);
			runOnlyForDeploymentPostprocessing = 0;
		};
		60FB81BD253FB0A80048AFAA /* Sources */ = {
			isa = PBXSourcesBuildPhase;
			buildActionMask = 2147483647;
			files = (
				60FB81C6253FB0A80048AFAA /* EssentialFeedTests.swift in Sources */,
			);
			runOnlyForDeploymentPostprocessing = 0;
		};
		60FB81C8253FB0A80048AFAA /* Sources */ = {
			isa = PBXSourcesBuildPhase;
			buildActionMask = 2147483647;
			files = (
				60FB81D1253FB0A80048AFAA /* EssentialFeedUITests.swift in Sources */,
			);
			runOnlyForDeploymentPostprocessing = 0;
		};
/* End PBXSourcesBuildPhase section */

/* Begin PBXTargetDependency section */
		60FB81C3253FB0A80048AFAA /* PBXTargetDependency */ = {
			isa = PBXTargetDependency;
			target = 60FB81AA253FB0A70048AFAA /* EssentialFeed */;
			targetProxy = 60FB81C2253FB0A80048AFAA /* PBXContainerItemProxy */;
		};
		60FB81CE253FB0A80048AFAA /* PBXTargetDependency */ = {
			isa = PBXTargetDependency;
			target = 60FB81AA253FB0A70048AFAA /* EssentialFeed */;
			targetProxy = 60FB81CD253FB0A80048AFAA /* PBXContainerItemProxy */;
		};
/* End PBXTargetDependency section */

/* Begin PBXVariantGroup section */
		60FB81B4253FB0A70048AFAA /* Main.storyboard */ = {
			isa = PBXVariantGroup;
			children = (
				60FB81B5253FB0A70048AFAA /* Base */,
			);
			name = Main.storyboard;
			sourceTree = "<group>";
		};
		60FB81B9253FB0A80048AFAA /* LaunchScreen.storyboard */ = {
			isa = PBXVariantGroup;
			children = (
				60FB81BA253FB0A80048AFAA /* Base */,
			);
			name = LaunchScreen.storyboard;
			sourceTree = "<group>";
		};
/* End PBXVariantGroup section */

/* Begin XCBuildConfiguration section */
		60FB81D3253FB0A90048AFAA /* Debug */ = {
			isa = XCBuildConfiguration;
			buildSettings = {
				ALWAYS_SEARCH_USER_PATHS = NO;
				CLANG_ANALYZER_NONNULL = YES;
				CLANG_ANALYZER_NUMBER_OBJECT_CONVERSION = YES_AGGRESSIVE;
				CLANG_CXX_LANGUAGE_STANDARD = "gnu++14";
				CLANG_CXX_LIBRARY = "libc++";
				CLANG_ENABLE_MODULES = YES;
				CLANG_ENABLE_OBJC_ARC = YES;
				CLANG_ENABLE_OBJC_WEAK = YES;
				CLANG_WARN_BLOCK_CAPTURE_AUTORELEASING = YES;
				CLANG_WARN_BOOL_CONVERSION = YES;
				CLANG_WARN_COMMA = YES;
				CLANG_WARN_CONSTANT_CONVERSION = YES;
				CLANG_WARN_DEPRECATED_OBJC_IMPLEMENTATIONS = YES;
				CLANG_WARN_DIRECT_OBJC_ISA_USAGE = YES_ERROR;
				CLANG_WARN_DOCUMENTATION_COMMENTS = YES;
				CLANG_WARN_EMPTY_BODY = YES;
				CLANG_WARN_ENUM_CONVERSION = YES;
				CLANG_WARN_INFINITE_RECURSION = YES;
				CLANG_WARN_INT_CONVERSION = YES;
				CLANG_WARN_NON_LITERAL_NULL_CONVERSION = YES;
				CLANG_WARN_OBJC_IMPLICIT_RETAIN_SELF = YES;
				CLANG_WARN_OBJC_LITERAL_CONVERSION = YES;
				CLANG_WARN_OBJC_ROOT_CLASS = YES_ERROR;
				CLANG_WARN_QUOTED_INCLUDE_IN_FRAMEWORK_HEADER = YES;
				CLANG_WARN_RANGE_LOOP_ANALYSIS = YES;
				CLANG_WARN_STRICT_PROTOTYPES = YES;
				CLANG_WARN_SUSPICIOUS_MOVE = YES;
				CLANG_WARN_UNGUARDED_AVAILABILITY = YES_AGGRESSIVE;
				CLANG_WARN_UNREACHABLE_CODE = YES;
				CLANG_WARN__DUPLICATE_METHOD_MATCH = YES;
				COPY_PHASE_STRIP = NO;
				DEBUG_INFORMATION_FORMAT = dwarf;
				ENABLE_STRICT_OBJC_MSGSEND = YES;
				ENABLE_TESTABILITY = YES;
				GCC_C_LANGUAGE_STANDARD = gnu11;
				GCC_DYNAMIC_NO_PIC = NO;
				GCC_NO_COMMON_BLOCKS = YES;
				GCC_OPTIMIZATION_LEVEL = 0;
				GCC_PREPROCESSOR_DEFINITIONS = (
					"DEBUG=1",
					"$(inherited)",
				);
				GCC_WARN_64_TO_32_BIT_CONVERSION = YES;
				GCC_WARN_ABOUT_RETURN_TYPE = YES_ERROR;
				GCC_WARN_UNDECLARED_SELECTOR = YES;
				GCC_WARN_UNINITIALIZED_AUTOS = YES_AGGRESSIVE;
				GCC_WARN_UNUSED_FUNCTION = YES;
				GCC_WARN_UNUSED_VARIABLE = YES;
				IPHONEOS_DEPLOYMENT_TARGET = 14.2;
				MTL_ENABLE_DEBUG_INFO = INCLUDE_SOURCE;
				MTL_FAST_MATH = YES;
				ONLY_ACTIVE_ARCH = YES;
				SDKROOT = iphoneos;
				SWIFT_ACTIVE_COMPILATION_CONDITIONS = DEBUG;
				SWIFT_OPTIMIZATION_LEVEL = "-Onone";
			};
			name = Debug;
		};
		60FB81D4253FB0A90048AFAA /* Release */ = {
			isa = XCBuildConfiguration;
			buildSettings = {
				ALWAYS_SEARCH_USER_PATHS = NO;
				CLANG_ANALYZER_NONNULL = YES;
				CLANG_ANALYZER_NUMBER_OBJECT_CONVERSION = YES_AGGRESSIVE;
				CLANG_CXX_LANGUAGE_STANDARD = "gnu++14";
				CLANG_CXX_LIBRARY = "libc++";
				CLANG_ENABLE_MODULES = YES;
				CLANG_ENABLE_OBJC_ARC = YES;
				CLANG_ENABLE_OBJC_WEAK = YES;
				CLANG_WARN_BLOCK_CAPTURE_AUTORELEASING = YES;
				CLANG_WARN_BOOL_CONVERSION = YES;
				CLANG_WARN_COMMA = YES;
				CLANG_WARN_CONSTANT_CONVERSION = YES;
				CLANG_WARN_DEPRECATED_OBJC_IMPLEMENTATIONS = YES;
				CLANG_WARN_DIRECT_OBJC_ISA_USAGE = YES_ERROR;
				CLANG_WARN_DOCUMENTATION_COMMENTS = YES;
				CLANG_WARN_EMPTY_BODY = YES;
				CLANG_WARN_ENUM_CONVERSION = YES;
				CLANG_WARN_INFINITE_RECURSION = YES;
				CLANG_WARN_INT_CONVERSION = YES;
				CLANG_WARN_NON_LITERAL_NULL_CONVERSION = YES;
				CLANG_WARN_OBJC_IMPLICIT_RETAIN_SELF = YES;
				CLANG_WARN_OBJC_LITERAL_CONVERSION = YES;
				CLANG_WARN_OBJC_ROOT_CLASS = YES_ERROR;
				CLANG_WARN_QUOTED_INCLUDE_IN_FRAMEWORK_HEADER = YES;
				CLANG_WARN_RANGE_LOOP_ANALYSIS = YES;
				CLANG_WARN_STRICT_PROTOTYPES = YES;
				CLANG_WARN_SUSPICIOUS_MOVE = YES;
				CLANG_WARN_UNGUARDED_AVAILABILITY = YES_AGGRESSIVE;
				CLANG_WARN_UNREACHABLE_CODE = YES;
				CLANG_WARN__DUPLICATE_METHOD_MATCH = YES;
				COPY_PHASE_STRIP = NO;
				DEBUG_INFORMATION_FORMAT = "dwarf-with-dsym";
				ENABLE_NS_ASSERTIONS = NO;
				ENABLE_STRICT_OBJC_MSGSEND = YES;
				GCC_C_LANGUAGE_STANDARD = gnu11;
				GCC_NO_COMMON_BLOCKS = YES;
				GCC_WARN_64_TO_32_BIT_CONVERSION = YES;
				GCC_WARN_ABOUT_RETURN_TYPE = YES_ERROR;
				GCC_WARN_UNDECLARED_SELECTOR = YES;
				GCC_WARN_UNINITIALIZED_AUTOS = YES_AGGRESSIVE;
				GCC_WARN_UNUSED_FUNCTION = YES;
				GCC_WARN_UNUSED_VARIABLE = YES;
				IPHONEOS_DEPLOYMENT_TARGET = 14.2;
				MTL_ENABLE_DEBUG_INFO = NO;
				MTL_FAST_MATH = YES;
				SDKROOT = iphoneos;
				SWIFT_COMPILATION_MODE = wholemodule;
				SWIFT_OPTIMIZATION_LEVEL = "-O";
				VALIDATE_PRODUCT = YES;
			};
			name = Release;
		};
		60FB81D6253FB0A90048AFAA /* Debug */ = {
			isa = XCBuildConfiguration;
			buildSettings = {
				ASSETCATALOG_COMPILER_APPICON_NAME = AppIcon;
				ASSETCATALOG_COMPILER_GLOBAL_ACCENT_COLOR_NAME = AccentColor;
				CODE_SIGN_STYLE = Automatic;
				DEVELOPMENT_TEAM = 9LZ4ZUBQFZ;
				INFOPLIST_FILE = EssentialFeed/Info.plist;
				LD_RUNPATH_SEARCH_PATHS = (
					"$(inherited)",
					"@executable_path/Frameworks",
				);
				PRODUCT_BUNDLE_IDENTIFIER = matiasglessi.EssentialFeed;
				PRODUCT_NAME = "$(TARGET_NAME)";
				SWIFT_VERSION = 5.0;
				TARGETED_DEVICE_FAMILY = "1,2";
			};
			name = Debug;
		};
		60FB81D7253FB0A90048AFAA /* Release */ = {
			isa = XCBuildConfiguration;
			buildSettings = {
				ASSETCATALOG_COMPILER_APPICON_NAME = AppIcon;
				ASSETCATALOG_COMPILER_GLOBAL_ACCENT_COLOR_NAME = AccentColor;
				CODE_SIGN_STYLE = Automatic;
				DEVELOPMENT_TEAM = 9LZ4ZUBQFZ;
				INFOPLIST_FILE = EssentialFeed/Info.plist;
				LD_RUNPATH_SEARCH_PATHS = (
					"$(inherited)",
					"@executable_path/Frameworks",
				);
				PRODUCT_BUNDLE_IDENTIFIER = matiasglessi.EssentialFeed;
				PRODUCT_NAME = "$(TARGET_NAME)";
				SWIFT_VERSION = 5.0;
				TARGETED_DEVICE_FAMILY = "1,2";
			};
			name = Release;
		};
		60FB81D9253FB0A90048AFAA /* Debug */ = {
			isa = XCBuildConfiguration;
			buildSettings = {
				ALWAYS_EMBED_SWIFT_STANDARD_LIBRARIES = YES;
				BUNDLE_LOADER = "$(TEST_HOST)";
				CODE_SIGN_STYLE = Automatic;
				DEVELOPMENT_TEAM = 9LZ4ZUBQFZ;
				INFOPLIST_FILE = EssentialFeedTests/Info.plist;
				IPHONEOS_DEPLOYMENT_TARGET = 14.2;
				LD_RUNPATH_SEARCH_PATHS = (
					"$(inherited)",
					"@executable_path/Frameworks",
					"@loader_path/Frameworks",
				);
				PRODUCT_BUNDLE_IDENTIFIER = matiasglessi.EssentialFeedTests;
				PRODUCT_NAME = "$(TARGET_NAME)";
				SWIFT_VERSION = 5.0;
				TARGETED_DEVICE_FAMILY = "1,2";
				TEST_HOST = "$(BUILT_PRODUCTS_DIR)/EssentialFeed.app/EssentialFeed";
			};
			name = Debug;
		};
		60FB81DA253FB0A90048AFAA /* Release */ = {
			isa = XCBuildConfiguration;
			buildSettings = {
				ALWAYS_EMBED_SWIFT_STANDARD_LIBRARIES = YES;
				BUNDLE_LOADER = "$(TEST_HOST)";
				CODE_SIGN_STYLE = Automatic;
				DEVELOPMENT_TEAM = 9LZ4ZUBQFZ;
				INFOPLIST_FILE = EssentialFeedTests/Info.plist;
				IPHONEOS_DEPLOYMENT_TARGET = 14.2;
				LD_RUNPATH_SEARCH_PATHS = (
					"$(inherited)",
					"@executable_path/Frameworks",
					"@loader_path/Frameworks",
				);
				PRODUCT_BUNDLE_IDENTIFIER = matiasglessi.EssentialFeedTests;
				PRODUCT_NAME = "$(TARGET_NAME)";
				SWIFT_VERSION = 5.0;
				TARGETED_DEVICE_FAMILY = "1,2";
				TEST_HOST = "$(BUILT_PRODUCTS_DIR)/EssentialFeed.app/EssentialFeed";
			};
			name = Release;
		};
		60FB81DC253FB0A90048AFAA /* Debug */ = {
			isa = XCBuildConfiguration;
			buildSettings = {
				ALWAYS_EMBED_SWIFT_STANDARD_LIBRARIES = YES;
				CODE_SIGN_STYLE = Automatic;
				DEVELOPMENT_TEAM = 9LZ4ZUBQFZ;
				INFOPLIST_FILE = EssentialFeedUITests/Info.plist;
				LD_RUNPATH_SEARCH_PATHS = (
					"$(inherited)",
					"@executable_path/Frameworks",
					"@loader_path/Frameworks",
				);
				PRODUCT_BUNDLE_IDENTIFIER = matiasglessi.EssentialFeedUITests;
				PRODUCT_NAME = "$(TARGET_NAME)";
				SWIFT_VERSION = 5.0;
				TARGETED_DEVICE_FAMILY = "1,2";
				TEST_TARGET_NAME = EssentialFeed;
			};
			name = Debug;
		};
		60FB81DD253FB0A90048AFAA /* Release */ = {
			isa = XCBuildConfiguration;
			buildSettings = {
				ALWAYS_EMBED_SWIFT_STANDARD_LIBRARIES = YES;
				CODE_SIGN_STYLE = Automatic;
				DEVELOPMENT_TEAM = 9LZ4ZUBQFZ;
				INFOPLIST_FILE = EssentialFeedUITests/Info.plist;
				LD_RUNPATH_SEARCH_PATHS = (
					"$(inherited)",
					"@executable_path/Frameworks",
					"@loader_path/Frameworks",
				);
				PRODUCT_BUNDLE_IDENTIFIER = matiasglessi.EssentialFeedUITests;
				PRODUCT_NAME = "$(TARGET_NAME)";
				SWIFT_VERSION = 5.0;
				TARGETED_DEVICE_FAMILY = "1,2";
				TEST_TARGET_NAME = EssentialFeed;
			};
			name = Release;
		};
/* End XCBuildConfiguration section */

/* Begin XCConfigurationList section */
		60FB81A6253FB0A70048AFAA /* Build configuration list for PBXProject "EssentialFeed" */ = {
			isa = XCConfigurationList;
			buildConfigurations = (
				60FB81D3253FB0A90048AFAA /* Debug */,
				60FB81D4253FB0A90048AFAA /* Release */,
			);
			defaultConfigurationIsVisible = 0;
			defaultConfigurationName = Release;
		};
		60FB81D5253FB0A90048AFAA /* Build configuration list for PBXNativeTarget "EssentialFeed" */ = {
			isa = XCConfigurationList;
			buildConfigurations = (
				60FB81D6253FB0A90048AFAA /* Debug */,
				60FB81D7253FB0A90048AFAA /* Release */,
			);
			defaultConfigurationIsVisible = 0;
			defaultConfigurationName = Release;
		};
		60FB81D8253FB0A90048AFAA /* Build configuration list for PBXNativeTarget "EssentialFeedTests" */ = {
			isa = XCConfigurationList;
			buildConfigurations = (
				60FB81D9253FB0A90048AFAA /* Debug */,
				60FB81DA253FB0A90048AFAA /* Release */,
			);
			defaultConfigurationIsVisible = 0;
			defaultConfigurationName = Release;
		};
		60FB81DB253FB0A90048AFAA /* Build configuration list for PBXNativeTarget "EssentialFeedUITests" */ = {
			isa = XCConfigurationList;
			buildConfigurations = (
				60FB81DC253FB0A90048AFAA /* Debug */,
				60FB81DD253FB0A90048AFAA /* Release */,
			);
			defaultConfigurationIsVisible = 0;
			defaultConfigurationName = Release;
		};
/* End XCConfigurationList section */
	};
	rootObject = 60FB81A3253FB0A70048AFAA /* Project object */;
}
